
Microsoft Visual Studio Solution File, Format Version 12.00
# Visual Studio Version 16
VisualStudioVersion = 25.0.1706.6
MinimumVisualStudioVersion = 10.0.40219.1
Project("{FAE04EC0-301F-11D3-BF4B-00C04F79EFBC}") = "lab_2", "lab_2\lab_2.csproj", "{BE35560B-37DC-4BEE-A581-B09712BDE921}"
EndProject
Global
	GlobalSection(SolutionConfigurationPlatforms) = preSolution
		Debug|Any CPU = Debug|Any CPU
		Release|Any CPU = Release|Any CPU
	EndGlobalSection
	GlobalSection(ProjectConfigurationPlatforms) = postSolution
		{BE35560B-37DC-4BEE-A581-B09712BDE921}.Debug|Any CPU.ActiveCfg = Debug|Any CPU
		{BE35560B-37DC-4BEE-A581-B09712BDE921}.Debug|Any CPU.Build.0 = Debug|Any CPU
		{BE35560B-37DC-4BEE-A581-B09712BDE921}.Release|Any CPU.ActiveCfg = Release|Any CPU
		{BE35560B-37DC-4BEE-A581-B09712BDE921}.Release|Any CPU.Build.0 = Release|Any CPU
	EndGlobalSection
	GlobalSection(SolutionProperties) = preSolution
		HideSolutionNode = FALSE
	EndGlobalSection
	GlobalSection(ExtensibilityGlobals) = postSolution
		SolutionGuid = {41B14725-106C-4160-AD97-FF8794661530}
	EndGlobalSection
EndGlobal
